
Microsoft Visual Studio Solution File, Format Version 12.00
# Visual Studio Version 17
VisualStudioVersion = 17.5.33424.131
MinimumVisualStudioVersion = 10.0.40219.1
Project("{FAE04EC0-301F-11D3-BF4B-00C04F79EFBC}") = "Par_Impar", "Par_Impar\Par_Impar.csproj", "{FD0EB7B5-ED76-4853-8782-2809DC974ACE}"
EndProject
Global
	GlobalSection(SolutionConfigurationPlatforms) = preSolution
		Debug|Any CPU = Debug|Any CPU
		Release|Any CPU = Release|Any CPU
	EndGlobalSection
	GlobalSection(ProjectConfigurationPlatforms) = postSolution
		{FD0EB7B5-ED76-4853-8782-2809DC974ACE}.Debug|Any CPU.ActiveCfg = Debug|Any CPU
		{FD0EB7B5-ED76-4853-8782-2809DC974ACE}.Debug|Any CPU.Build.0 = Debug|Any CPU
		{FD0EB7B5-ED76-4853-8782-2809DC974ACE}.Release|Any CPU.ActiveCfg = Release|Any CPU
		{FD0EB7B5-ED76-4853-8782-2809DC974ACE}.Release|Any CPU.Build.0 = Release|Any CPU
	EndGlobalSection
	GlobalSection(SolutionProperties) = preSolution
		HideSolutionNode = FALSE
	EndGlobalSection
	GlobalSection(ExtensibilityGlobals) = postSolution
		SolutionGuid = {6A8F597C-6E7D-43F6-BECD-CA9DC016B694}
	EndGlobalSection
EndGlobal
